
Microsoft Visual Studio Solution File, Format Version 12.00
# Visual Studio 15
VisualStudioVersion = 15.0.26730.15
MinimumVisualStudioVersion = 10.0.40219.1
Project("{FAE04EC0-301F-11D3-BF4B-00C04F79EFBC}") = "gs1.9", "gs1.9\gs1.9.csproj", "{57579D69-EAFE-4ECD-B2F4-20ACEC90BCCE}"
EndProject
Global
	GlobalSection(SolutionConfigurationPlatforms) = preSolution
		Debug|Any CPU = Debug|Any CPU
		Release|Any CPU = Release|Any CPU
	EndGlobalSection
	GlobalSection(ProjectConfigurationPlatforms) = postSolution
		{57579D69-EAFE-4ECD-B2F4-20ACEC90BCCE}.Debug|Any CPU.ActiveCfg = Debug|Any CPU
		{57579D69-EAFE-4ECD-B2F4-20ACEC90BCCE}.Debug|Any CPU.Build.0 = Debug|Any CPU
		{57579D69-EAFE-4ECD-B2F4-20ACEC90BCCE}.Release|Any CPU.ActiveCfg = Release|Any CPU
		{57579D69-EAFE-4ECD-B2F4-20ACEC90BCCE}.Release|Any CPU.Build.0 = Release|Any CPU
	EndGlobalSection
	GlobalSection(SolutionProperties) = preSolution
		HideSolutionNode = FALSE
	EndGlobalSection
	GlobalSection(ExtensibilityGlobals) = postSolution
		SolutionGuid = {A57D9D17-BCAA-4F0B-871E-0BF3F5AF047F}
	EndGlobalSection
EndGlobal
